# THIS IS AN AUTOGENERATED FILE. DO NOT EDIT THIS FILE DIRECTLY.
# yarn lockfile v1


accepts@^1.3.5:
  version "1.3.5"
  resolved "http://npm-registry.qunhequnhe.com/accepts/download/accepts-1.3.5.tgz#eb777df6011723a3b14e8a72c0805c8e86746bd2"
  dependencies:
    mime-types "~2.1.18"
    negotiator "0.6.1"

any-promise@^1.1.0:
  version "1.3.0"
  resolved "http://npm-registry.qunhequnhe.com/any-promise/download/any-promise-1.3.0.tgz#abc6afeedcea52e809cdc0376aed3ce39635d17f"

bson@~1.0.4:
  version "1.0.9"
  resolved "http://npm-registry.qunhequnhe.com/bson/download/bson-1.0.9.tgz#12319f8323b1254739b7c6bef8d3e89ae05a2f57"

buffer-shims@~1.0.0:
  version "1.0.0"
  resolved "http://npm-registry.qunhequnhe.com/buffer-shims/download/buffer-shims-1.0.0.tgz#9978ce317388c649ad8793028c3477ef044a8b51"

bytes@3.0.0:
  version "3.0.0"
  resolved "http://npm-registry.qunhequnhe.com/bytes/download/bytes-3.0.0.tgz#d32815404d689699f85a4ea4fa8755dd13a96048"

cache-content-type@^1.0.0:
  version "1.0.1"
  resolved "http://npm-registry.qunhequnhe.com/cache-content-type/download/cache-content-type-1.0.1.tgz#035cde2b08ee2129f4a8315ea8f00a00dba1453c"
  dependencies:
    mime-types "^2.1.18"
    ylru "^1.2.0"

co-body@^6.0.0:
  version "6.0.0"
  resolved "http://npm-registry.qunhequnhe.com/co-body/download/co-body-6.0.0.tgz#965b9337d7f5655480787471f4237664820827e3"
  dependencies:
    inflation "^2.0.0"
    qs "^6.5.2"
    raw-body "^2.3.3"
    type-is "^1.6.16"

co@^4.6.0:
  version "4.6.0"
  resolved "http://npm-registry.qunhequnhe.com/co/download/co-4.6.0.tgz#6ea6bdf3d853ae54ccb8e47bfa0bf3f9031fb184"

content-disposition@~0.5.2:
  version "0.5.2"
  resolved "http://npm-registry.qunhequnhe.com/content-disposition/download/content-disposition-0.5.2.tgz#0cf68bb9ddf5f2be7961c3a85178cb85dba78cb4"

content-type@^1.0.4:
  version "1.0.4"
  resolved "http://npm-registry.qunhequnhe.com/content-type/download/content-type-1.0.4.tgz#e138cc75e040c727b1966fe5e5f8c9aee256fe3b"

cookies@~0.7.1:
  version "0.7.1"
  resolved "http://npm-registry.qunhequnhe.com/cookies/download/cookies-0.7.1.tgz#7c8a615f5481c61ab9f16c833731bcb8f663b99b"
  dependencies:
    depd "~1.1.1"
    keygrip "~1.0.2"

copy-to@^2.0.1:
  version "2.0.1"
  resolved "http://npm-registry.qunhequnhe.com/copy-to/download/copy-to-2.0.1.tgz#2680fbb8068a48d08656b6098092bdafc906f4a5"

core-util-is@~1.0.0:
  version "1.0.2"
  resolved "http://npm-registry.qunhequnhe.com/core-util-is/download/core-util-is-1.0.2.tgz#b5fd54220aa2bc5ab57aab7140c940754503c1a7"

debug@2.6.0:
  version "2.6.0"
  resolved "http://npm-registry.qunhequnhe.com/debug/download/debug-2.6.0.tgz#bc596bcabe7617f11d9fa15361eded5608b8499b"
  dependencies:
    ms "0.7.2"

debug@^3.1.0:
  version "3.1.0"
  resolved "http://npm-registry.qunhequnhe.com/debug/download/debug-3.1.0.tgz#5bb5a0672628b64149566ba16819e61518c67261"
  dependencies:
    ms "2.0.0"

deep-equal@~1.0.1:
  version "1.0.1"
  resolved "http://npm-registry.qunhequnhe.com/deep-equal/download/deep-equal-1.0.1.tgz#f5d260292b660e084eff4cdbc9f08ad3247448b5"

delegates@^1.0.0:
  version "1.0.0"
  resolved "http://npm-registry.qunhequnhe.com/delegates/download/delegates-1.0.0.tgz#84c6e159b81904fdca59a0ef44cd870d31250f9a"

depd@^1.1.2, depd@~1.1.1, depd@~1.1.2:
  version "1.1.2"
  resolved "http://npm-registry.qunhequnhe.com/depd/download/depd-1.1.2.tgz#9bcd52e14c097763e749b274c4346ed2e560b5a9"

destroy@^1.0.4:
  version "1.0.4"
  resolved "http://npm-registry.qunhequnhe.com/destroy/download/destroy-1.0.4.tgz#978857442c44749e4206613e37946205826abd80"

ee-first@1.1.1:
  version "1.1.1"
  resolved "http://npm-registry.qunhequnhe.com/ee-first/download/ee-first-1.1.1.tgz#590c61156b0ae2f4f0255732a158b266bc56b21d"

error-inject@^1.0.0:
  version "1.0.0"
  resolved "http://npm-registry.qunhequnhe.com/error-inject/download/error-inject-1.0.0.tgz#e2b3d91b54aed672f309d950d154850fa11d4f37"

es6-promise@3.2.1:
  version "3.2.1"
  resolved "http://npm-registry.qunhequnhe.com/es6-promise/download/es6-promise-3.2.1.tgz#ec56233868032909207170c39448e24449dd1fc4"

escape-html@^1.0.3:
  version "1.0.3"
  resolved "http://npm-registry.qunhequnhe.com/escape-html/download/escape-html-1.0.3.tgz#0258eae4d3d0c0974de1c169188ef0051d1d1988"

fresh@~0.5.2:
  version "0.5.2"
  resolved "http://npm-registry.qunhequnhe.com/fresh/download/fresh-0.5.2.tgz#3d8cadd90d976569fa835ab1f8e4b23a105605a7"

generic-pool@3.1.6:
  version "3.1.6"
  resolved "http://npm-registry.qunhequnhe.com/generic-pool/download/generic-pool-3.1.6.tgz#0f70bf20c4004a82c45dc893fe0bd50c6bcc0a65"

http-assert@^1.3.0:
  version "1.3.0"
  resolved "http://npm-registry.qunhequnhe.com/http-assert/download/http-assert-1.3.0.tgz#a31a5cf88c873ecbb5796907d4d6f132e8c01e4a"
  dependencies:
    deep-equal "~1.0.1"
    http-errors "~1.6.1"

http-errors@1.6.3, http-errors@~1.6.1:
  version "1.6.3"
  resolved "http://npm-registry.qunhequnhe.com/http-errors/download/http-errors-1.6.3.tgz#8b55680bb4be283a0b5bf4ea2e38580be1d9320d"
  dependencies:
    depd "~1.1.2"
    inherits "2.0.3"
    setprototypeof "1.1.0"
    statuses ">= 1.4.0 < 2"

http-errors@^1.3.1, http-errors@^1.6.3:
  version "1.7.0"
  resolved "http://npm-registry.qunhequnhe.com/http-errors/download/http-errors-1.7.0.tgz#b6d36492a201c7888bdcb5dd0471140423c4ad2a"
  dependencies:
    depd "~1.1.2"
    inherits "2.0.3"
    setprototypeof "1.1.0"
    statuses ">= 1.5.0 < 2"
    toidentifier "1.0.0"

iconv-lite@0.4.23:
  version "0.4.23"
  resolved "http://npm-registry.qunhequnhe.com/iconv-lite/download/iconv-lite-0.4.23.tgz#297871f63be507adcfbfca715d0cd0eed84e9a63"
  dependencies:
    safer-buffer ">= 2.1.2 < 3"

inflation@^2.0.0:
  version "2.0.0"
  resolved "http://npm-registry.qunhequnhe.com/inflation/download/inflation-2.0.0.tgz#8b417e47c28f925a45133d914ca1fd389107f30f"

inherits@2.0.3, inherits@~2.0.1:
  version "2.0.3"
  resolved "http://npm-registry.qunhequnhe.com/inherits/download/inherits-2.0.3.tgz#633c2c83e3da42a502f52466022480f4208261de"

is-generator-function@^1.0.7:
  version "1.0.7"
  resolved "http://npm-registry.qunhequnhe.com/is-generator-function/download/is-generator-function-1.0.7.tgz#d2132e529bb0000a7f80794d4bdf5cd5e5813522"

isarray@0.0.1:
  version "0.0.1"
  resolved "http://npm-registry.qunhequnhe.com/isarray/download/isarray-0.0.1.tgz#8a18acfca9a8f4177e09abfc6038939b05d1eedf"

isarray@~1.0.0:
  version "1.0.0"
  resolved "http://npm-registry.qunhequnhe.com/isarray/download/isarray-1.0.0.tgz#bb935d48582cba168c06834957a54a3e07124f11"

keygrip@~1.0.2:
  version "1.0.2"
  resolved "http://npm-registry.qunhequnhe.com/keygrip/download/keygrip-1.0.2.tgz#ad3297c557069dea8bcfe7a4fa491b75c5ddeb91"

koa-bodyparser@^4.2.1:
  version "4.2.1"
  resolved "http://npm-registry.qunhequnhe.com/koa-bodyparser/download/koa-bodyparser-4.2.1.tgz#4d7dacb5e6db1106649b595d9e5ccb158b6f3b29"
  dependencies:
    co-body "^6.0.0"
    copy-to "^2.0.1"

koa-compose@^3.0.0:
  version "3.2.1"
  resolved "http://npm-registry.qunhequnhe.com/koa-compose/download/koa-compose-3.2.1.tgz#a85ccb40b7d986d8e5a345b3a1ace8eabcf54de7"
  dependencies:
    any-promise "^1.1.0"

koa-compose@^4.1.0:
  version "4.1.0"
  resolved "http://npm-registry.qunhequnhe.com/koa-compose/download/koa-compose-4.1.0.tgz#507306b9371901db41121c812e923d0d67d3e877"

koa-convert@^1.2.0:
  version "1.2.0"
  resolved "http://npm-registry.qunhequnhe.com/koa-convert/download/koa-convert-1.2.0.tgz#da40875df49de0539098d1700b50820cebcd21d0"
  dependencies:
    co "^4.6.0"
    koa-compose "^3.0.0"

koa-is-json@^1.0.0:
  version "1.0.0"
  resolved "http://npm-registry.qunhequnhe.com/koa-is-json/download/koa-is-json-1.0.0.tgz#273c07edcdcb8df6a2c1ab7d59ee76491451ec14"

koa-mongo@^1.3.0:
  version "1.3.0"
  resolved "https://registry.yarnpkg.com/koa-mongo/-/koa-mongo-1.3.0.tgz#8fe620466da7ab666a480e2eccecc32afd9e6798"
  dependencies:
    debug "2.6.0"
    generic-pool "3.1.6"
    mongodb "2.2.33"

koa-router@^7.4.0:
  version "7.4.0"
  resolved "http://npm-registry.qunhequnhe.com/koa-router/download/koa-router-7.4.0.tgz#aee1f7adc02d5cb31d7d67465c9eacc825e8c5e0"
  dependencies:
    debug "^3.1.0"
    http-errors "^1.3.1"
    koa-compose "^3.0.0"
    methods "^1.0.1"
    path-to-regexp "^1.1.1"
    urijs "^1.19.0"

koa@^2.5.2:
  version "2.5.2"
  resolved "http://npm-registry.qunhequnhe.com/koa/download/koa-2.5.2.tgz#f2bda7f3e70be54924e7e5e9789a249f77256fe3"
  dependencies:
    accepts "^1.3.5"
    cache-content-type "^1.0.0"
    content-disposition "~0.5.2"
    content-type "^1.0.4"
    cookies "~0.7.1"
    debug "^3.1.0"
    delegates "^1.0.0"
    depd "^1.1.2"
    destroy "^1.0.4"
    error-inject "^1.0.0"
    escape-html "^1.0.3"
    fresh "~0.5.2"
    http-assert "^1.3.0"
    http-errors "^1.6.3"
    is-generator-function "^1.0.7"
    koa-compose "^4.1.0"
    koa-convert "^1.2.0"
    koa-is-json "^1.0.0"
    on-finished "^2.3.0"
    only "~0.0.2"
    parseurl "^1.3.2"
    statuses "^1.5.0"
    type-is "^1.6.16"
    vary "^1.1.2"

media-typer@0.3.0:
  version "0.3.0"
  resolved "http://npm-registry.qunhequnhe.com/media-typer/download/media-typer-0.3.0.tgz#8710d7af0aa626f8fffa1ce00168545263255748"

methods@^1.0.1:
  version "1.1.2"
  resolved "http://npm-registry.qunhequnhe.com/methods/download/methods-1.1.2.tgz#5529a4d67654134edcc5266656835b0f851afcee"

mime-db@~1.35.0:
  version "1.35.0"
  resolved "http://npm-registry.qunhequnhe.com/mime-db/download/mime-db-1.35.0.tgz#0569d657466491283709663ad379a99b90d9ab47"

mime-types@^2.1.18, mime-types@~2.1.18:
  version "2.1.19"
  resolved "http://npm-registry.qunhequnhe.com/mime-types/download/mime-types-2.1.19.tgz#71e464537a7ef81c15f2db9d97e913fc0ff606f0"
  dependencies:
    mime-db "~1.35.0"

mongodb-core@2.1.17:
  version "2.1.17"
  resolved "http://npm-registry.qunhequnhe.com/mongodb-core/download/mongodb-core-2.1.17.tgz#a418b337a14a14990fb510b923dee6a813173df8"
  dependencies:
    bson "~1.0.4"
    require_optional "~1.0.0"

mongodb@2.2.33:
  version "2.2.33"
  resolved "http://npm-registry.qunhequnhe.com/mongodb/download/mongodb-2.2.33.tgz#b537c471d34a6651b48f36fdbf29750340e08b50"
  dependencies:
    es6-promise "3.2.1"
    mongodb-core "2.1.17"
    readable-stream "2.2.7"

ms@0.7.2:
  version "0.7.2"
  resolved "http://npm-registry.qunhequnhe.com/ms/download/ms-0.7.2.tgz#ae25cf2512b3885a1d95d7f037868d8431124765"

ms@2.0.0:
  version "2.0.0"
  resolved "http://npm-registry.qunhequnhe.com/ms/download/ms-2.0.0.tgz#5608aeadfc00be6c2901df5f9861788de0d597c8"

negotiator@0.6.1:
  version "0.6.1"
  resolved "http://npm-registry.qunhequnhe.com/negotiator/download/negotiator-0.6.1.tgz#2b327184e8992101177b28563fb5e7102acd0ca9"

on-finished@^2.3.0:
  version "2.3.0"
  resolved "http://npm-registry.qunhequnhe.com/on-finished/download/on-finished-2.3.0.tgz#20f1336481b083cd75337992a16971aa2d906947"
  dependencies:
    ee-first "1.1.1"

only@~0.0.2:
  version "0.0.2"
  resolved "http://npm-registry.qunhequnhe.com/only/download/only-0.0.2.tgz#2afde84d03e50b9a8edc444e30610a70295edfb4"

parseurl@^1.3.2:
  version "1.3.2"
  resolved "http://npm-registry.qunhequnhe.com/parseurl/download/parseurl-1.3.2.tgz#fc289d4ed8993119460c156253262cdc8de65bf3"

path-to-regexp@^1.1.1:
  version "1.7.0"
  resolved "http://npm-registry.qunhequnhe.com/path-to-regexp/download/path-to-regexp-1.7.0.tgz#59fde0f435badacba103a84e9d3bc64e96b9937d"
  dependencies:
    isarray "0.0.1"

process-nextick-args@~1.0.6:
  version "1.0.7"
  resolved "http://npm-registry.qunhequnhe.com/process-nextick-args/download/process-nextick-args-1.0.7.tgz#150e20b756590ad3f91093f25a4f2ad8bff30ba3"

qs@^6.5.2:
  version "6.5.2"
  resolved "http://npm-registry.qunhequnhe.com/qs/download/qs-6.5.2.tgz#cb3ae806e8740444584ef154ce8ee98d403f3e36"

raw-body@^2.3.3:
  version "2.3.3"
  resolved "http://npm-registry.qunhequnhe.com/raw-body/download/raw-body-2.3.3.tgz#1b324ece6b5706e153855bc1148c65bb7f6ea0c3"
  dependencies:
    bytes "3.0.0"
    http-errors "1.6.3"
    iconv-lite "0.4.23"
    unpipe "1.0.0"

readable-stream@2.2.7:
  version "2.2.7"
  resolved "http://npm-registry.qunhequnhe.com/readable-stream/download/readable-stream-2.2.7.tgz#07057acbe2467b22042d36f98c5ad507054e95b1"
  dependencies:
    buffer-shims "~1.0.0"
    core-util-is "~1.0.0"
    inherits "~2.0.1"
    isarray "~1.0.0"
    process-nextick-args "~1.0.6"
    string_decoder "~1.0.0"
    util-deprecate "~1.0.1"

require_optional@~1.0.0:
  version "1.0.1"
  resolved "http://npm-registry.qunhequnhe.com/require_optional/download/require_optional-1.0.1.tgz#4cf35a4247f64ca3df8c2ef208cc494b1ca8fc2e"
  dependencies:
    resolve-from "^2.0.0"
    semver "^5.1.0"

resolve-from@^2.0.0:
  version "2.0.0"
  resolved "http://npm-registry.qunhequnhe.com/resolve-from/download/resolve-from-2.0.0.tgz#9480ab20e94ffa1d9e80a804c7ea147611966b57"

safe-buffer@~5.1.0:
  version "5.1.2"
  resolved "http://npm-registry.qunhequnhe.com/safe-buffer/download/safe-buffer-5.1.2.tgz#991ec69d296e0313747d59bdfd2b745c35f8828d"

"safer-buffer@>= 2.1.2 < 3":
  version "2.1.2"
  resolved "http://npm-registry.qunhequnhe.com/safer-buffer/download/safer-buffer-2.1.2.tgz#44fa161b0187b9549dd84bb91802f9bd8385cd6a"

semver@^5.1.0:
  version "5.5.0"
  resolved "http://npm-registry.qunhequnhe.com/semver/download/semver-5.5.0.tgz#dc4bbc7a6ca9d916dee5d43516f0092b58f7b8ab"

setprototypeof@1.1.0:
  version "1.1.0"
  resolved "http://npm-registry.qunhequnhe.com/setprototypeof/download/setprototypeof-1.1.0.tgz#d0bd85536887b6fe7c0d818cb962d9d91c54e656"

"statuses@>= 1.4.0 < 2", "statuses@>= 1.5.0 < 2", statuses@^1.5.0:
  version "1.5.0"
  resolved "http://npm-registry.qunhequnhe.com/statuses/download/statuses-1.5.0.tgz#161c7dac177659fd9811f43771fa99381478628c"

string_decoder@~1.0.0:
  version "1.0.3"
  resolved "http://npm-registry.qunhequnhe.com/string_decoder/download/string_decoder-1.0.3.tgz#0fc67d7c141825de94282dd536bec6b9bce860ab"
  dependencies:
    safe-buffer "~5.1.0"

toidentifier@1.0.0:
  version "1.0.0"
  resolved "http://npm-registry.qunhequnhe.com/toidentifier/download/toidentifier-1.0.0.tgz#7e1be3470f1e77948bc43d94a3c8f4d7752ba553"

type-is@^1.6.16:
  version "1.6.16"
  resolved "http://npm-registry.qunhequnhe.com/type-is/download/type-is-1.6.16.tgz#f89ce341541c672b25ee7ae3c73dee3b2be50194"
  dependencies:
    media-typer "0.3.0"
    mime-types "~2.1.18"

unpipe@1.0.0:
  version "1.0.0"
  resolved "http://npm-registry.qunhequnhe.com/unpipe/download/unpipe-1.0.0.tgz#b2bf4ee8514aae6165b4817829d21b2ef49904ec"

urijs@^1.19.0:
  version "1.19.1"
  resolved "http://npm-registry.qunhequnhe.com/urijs/download/urijs-1.19.1.tgz#5b0ff530c0cbde8386f6342235ba5ca6e995d25a"

util-deprecate@~1.0.1:
  version "1.0.2"
  resolved "http://npm-registry.qunhequnhe.com/util-deprecate/download/util-deprecate-1.0.2.tgz#450d4dc9fa70de732762fbd2d4a28981419a0ccf"

vary@^1.1.2:
  version "1.1.2"
  resolved "http://npm-registry.qunhequnhe.com/vary/download/vary-1.1.2.tgz#2299f02c6ded30d4a5961b0b9f74524a18f634fc"

ylru@^1.2.0:
  version "1.2.1"
  resolved "http://npm-registry.qunhequnhe.com/ylru/download/ylru-1.2.1.tgz#f576b63341547989c1de7ba288760923b27fe84f"
